
Microsoft Visual Studio Solution File, Format Version 12.00
# Visual Studio Version 17
VisualStudioVersion = 17.8.34330.188
MinimumVisualStudioVersion = 10.0.40219.1
Project("{FAE04EC0-301F-11D3-BF4B-00C04F79EFBC}") = "MSLab1", "MSLab1\MSLab1.csproj", "{7A25D008-EA80-4E57-9592-11CAA760AB72}"
EndProject
Global
	GlobalSection(SolutionConfigurationPlatforms) = preSolution
		Debug|Any CPU = Debug|Any CPU
		Release|Any CPU = Release|Any CPU
	EndGlobalSection
	GlobalSection(ProjectConfigurationPlatforms) = postSolution
		{7A25D008-EA80-4E57-9592-11CAA760AB72}.Debug|Any CPU.ActiveCfg = Debug|Any CPU
		{7A25D008-EA80-4E57-9592-11CAA760AB72}.Debug|Any CPU.Build.0 = Debug|Any CPU
		{7A25D008-EA80-4E57-9592-11CAA760AB72}.Release|Any CPU.ActiveCfg = Release|Any CPU
		{7A25D008-EA80-4E57-9592-11CAA760AB72}.Release|Any CPU.Build.0 = Release|Any CPU
	EndGlobalSection
	GlobalSection(SolutionProperties) = preSolution
		HideSolutionNode = FALSE
	EndGlobalSection
	GlobalSection(ExtensibilityGlobals) = postSolution
		SolutionGuid = {58B593A6-E037-4B01-9459-C0B99794EE80}
	EndGlobalSection
EndGlobal
